
Microsoft Visual Studio Solution File, Format Version 12.00
# Visual Studio Version 17
VisualStudioVersion = 17.4.33403.182
MinimumVisualStudioVersion = 10.0.40219.1
Project("{9A19103F-16F7-4668-BE54-9A1E7A4F7556}") = "EvaFloraStore", "EvaFloraStore\EvaFloraStore.csproj", "{86F186E8-4F13-46BC-854B-6CFAD7A56901}"
EndProject
Project("{9A19103F-16F7-4668-BE54-9A1E7A4F7556}") = "EvaFloraStoreTests", "EvaFloraStoreTests\EvaFloraStoreTests.csproj", "{621D40D1-399D-4EE9-8046-CB3593AA67D0}"
	ProjectSection(ProjectDependencies) = postProject
		{86F186E8-4F13-46BC-854B-6CFAD7A56901} = {86F186E8-4F13-46BC-854B-6CFAD7A56901}
	EndProjectSection
EndProject
Global
	GlobalSection(SolutionConfigurationPlatforms) = preSolution
		Debug|Any CPU = Debug|Any CPU
		Debug|x64 = Debug|x64
		Release|Any CPU = Release|Any CPU
		Release|x64 = Release|x64
	EndGlobalSection
	GlobalSection(ProjectConfigurationPlatforms) = postSolution
		{86F186E8-4F13-46BC-854B-6CFAD7A56901}.Debug|Any CPU.ActiveCfg = Debug|Any CPU
		{86F186E8-4F13-46BC-854B-6CFAD7A56901}.Debug|Any CPU.Build.0 = Debug|Any CPU
		{86F186E8-4F13-46BC-854B-6CFAD7A56901}.Debug|x64.ActiveCfg = Debug|x64
		{86F186E8-4F13-46BC-854B-6CFAD7A56901}.Debug|x64.Build.0 = Debug|x64
		{86F186E8-4F13-46BC-854B-6CFAD7A56901}.Release|Any CPU.ActiveCfg = Release|Any CPU
		{86F186E8-4F13-46BC-854B-6CFAD7A56901}.Release|Any CPU.Build.0 = Release|Any CPU
		{86F186E8-4F13-46BC-854B-6CFAD7A56901}.Release|x64.ActiveCfg = Release|Any CPU
		{86F186E8-4F13-46BC-854B-6CFAD7A56901}.Release|x64.Build.0 = Release|Any CPU
		{621D40D1-399D-4EE9-8046-CB3593AA67D0}.Debug|Any CPU.ActiveCfg = Debug|Any CPU
		{621D40D1-399D-4EE9-8046-CB3593AA67D0}.Debug|Any CPU.Build.0 = Debug|Any CPU
		{621D40D1-399D-4EE9-8046-CB3593AA67D0}.Debug|x64.ActiveCfg = Debug|Any CPU
		{621D40D1-399D-4EE9-8046-CB3593AA67D0}.Debug|x64.Build.0 = Debug|Any CPU
		{621D40D1-399D-4EE9-8046-CB3593AA67D0}.Release|Any CPU.ActiveCfg = Release|Any CPU
		{621D40D1-399D-4EE9-8046-CB3593AA67D0}.Release|Any CPU.Build.0 = Release|Any CPU
		{621D40D1-399D-4EE9-8046-CB3593AA67D0}.Release|x64.ActiveCfg = Release|Any CPU
		{621D40D1-399D-4EE9-8046-CB3593AA67D0}.Release|x64.Build.0 = Release|Any CPU
	EndGlobalSection
	GlobalSection(SolutionProperties) = preSolution
		HideSolutionNode = FALSE
	EndGlobalSection
	GlobalSection(ExtensibilityGlobals) = postSolution
		SolutionGuid = {49A0ED59-35C0-492D-812D-8DCC8EFFDC3C}
	EndGlobalSection
EndGlobal
